// !$*UTF8*$!
{
	archiveVersion = 1;
	classes = {
	};
	objectVersion = 50;
	objects = {

/* Begin PBXBuildFile section */
		22539A5B9C8C50017693CE08 /* Pods_SportLeagues.framework in Frameworks */ = {isa = PBXBuildFile; fileRef = F008D91982E8EAADA416142A /* Pods_SportLeagues.framework */; };
		4D3A052D289CFEF896AEBC56 /* Pods_SportLeaguesTests.framework in Frameworks */ = {isa = PBXBuildFile; fileRef = F0B35F358412646D8DAE2865 /* Pods_SportLeaguesTests.framework */; };
		581DEA7F114186A1521D8B1C /* Pods_SportLeaguesUITests.framework in Frameworks */ = {isa = PBXBuildFile; fileRef = F10ED352953FA48BE663EFC1 /* Pods_SportLeaguesUITests.framework */; };
		91389146218DFB140018D6ED /* AppDelegate.swift in Sources */ = {isa = PBXBuildFile; fileRef = 91389145218DFB140018D6ED /* AppDelegate.swift */; };
		91389148218DFB140018D6ED /* TeamsViewController.swift in Sources */ = {isa = PBXBuildFile; fileRef = 91389147218DFB140018D6ED /* TeamsViewController.swift */; };
		9138914B218DFB140018D6ED /* Main.storyboard in Resources */ = {isa = PBXBuildFile; fileRef = 91389149218DFB140018D6ED /* Main.storyboard */; };
		9138914D218DFB170018D6ED /* Assets.xcassets in Resources */ = {isa = PBXBuildFile; fileRef = 9138914C218DFB170018D6ED /* Assets.xcassets */; };
		91389150218DFB170018D6ED /* LaunchScreen.storyboard in Resources */ = {isa = PBXBuildFile; fileRef = 9138914E218DFB170018D6ED /* LaunchScreen.storyboard */; };
		9138915B218DFB170018D6ED /* SportLeaguesTests.swift in Sources */ = {isa = PBXBuildFile; fileRef = 9138915A218DFB170018D6ED /* SportLeaguesTests.swift */; };
		91389166218DFB170018D6ED /* SportLeaguesUITests.swift in Sources */ = {isa = PBXBuildFile; fileRef = 91389165218DFB170018D6ED /* SportLeaguesUITests.swift */; };
		91389175218E06140018D6ED /* Constants.swift in Sources */ = {isa = PBXBuildFile; fileRef = 91389174218E06140018D6ED /* Constants.swift */; };
		91389179218E092B0018D6ED /* Localizable.strings in Resources */ = {isa = PBXBuildFile; fileRef = 9138917B218E092B0018D6ED /* Localizable.strings */; };
		91389187218E17D10018D6ED /* Teams.storyboard in Resources */ = {isa = PBXBuildFile; fileRef = 91389186218E17D10018D6ED /* Teams.storyboard */; };
		9138918D218E1BFE0018D6ED /* TeamTableViewCell.xib in Resources */ = {isa = PBXBuildFile; fileRef = 9138918C218E1BFD0018D6ED /* TeamTableViewCell.xib */; };
		9138918F218E4A7A0018D6ED /* TeamTableViewCell.swift in Sources */ = {isa = PBXBuildFile; fileRef = 9138918E218E4A7A0018D6ED /* TeamTableViewCell.swift */; };
		91389192218E4C500018D6ED /* Team.swift in Sources */ = {isa = PBXBuildFile; fileRef = 91389191218E4C500018D6ED /* Team.swift */; };
		91389197218E50030018D6ED /* BaseRepository.swift in Sources */ = {isa = PBXBuildFile; fileRef = 91389196218E50030018D6ED /* BaseRepository.swift */; };
		91389199218E50880018D6ED /* Alamofire.framework in Frameworks */ = {isa = PBXBuildFile; fileRef = 91389198218E50880018D6ED /* Alamofire.framework */; };
		9138919B218E50880018D6ED /* AlamofireImage.framework in Frameworks */ = {isa = PBXBuildFile; fileRef = 9138919A218E50880018D6ED /* AlamofireImage.framework */; };
		9138919E218E516E0018D6ED /* Encodable.swift in Sources */ = {isa = PBXBuildFile; fileRef = 9138919D218E516E0018D6ED /* Encodable.swift */; };
		913891A0218E51A70018D6ED /* DataError.swift in Sources */ = {isa = PBXBuildFile; fileRef = 9138919F218E51A70018D6ED /* DataError.swift */; };
		913891A2218E52370018D6ED /* TeamsPresenter.swift in Sources */ = {isa = PBXBuildFile; fileRef = 913891A1218E52370018D6ED /* TeamsPresenter.swift */; };
		913891A4218E52D70018D6ED /* BaseViewController.swift in Sources */ = {isa = PBXBuildFile; fileRef = 913891A3218E52D70018D6ED /* BaseViewController.swift */; };
		913891A7218E55A30018D6ED /* LoadingView.swift in Sources */ = {isa = PBXBuildFile; fileRef = 913891A6218E55A30018D6ED /* LoadingView.swift */; };
		913891A9218E56070018D6ED /* LoadingView.xib in Resources */ = {isa = PBXBuildFile; fileRef = 913891A8218E56070018D6ED /* LoadingView.xib */; };
		913891AB218E58EC0018D6ED /* UIColorExtension.swift in Sources */ = {isa = PBXBuildFile; fileRef = 913891AA218E58EC0018D6ED /* UIColorExtension.swift */; };
		913891AD218E5F7D0018D6ED /* TeamsRepository.swift in Sources */ = {isa = PBXBuildFile; fileRef = 913891AC218E5F7D0018D6ED /* TeamsRepository.swift */; };
		916669CA218E858E00FF64CE /* TeamEventCollectionViewCell.xib in Resources */ = {isa = PBXBuildFile; fileRef = 916669C9218E858E00FF64CE /* TeamEventCollectionViewCell.xib */; };
		916669CC218E85B500FF64CE /* TeamEventCollectionViewCell.swift in Sources */ = {isa = PBXBuildFile; fileRef = 916669CB218E85B500FF64CE /* TeamEventCollectionViewCell.swift */; };
		916669CE218E85F700FF64CE /* TeamEvent.swift in Sources */ = {isa = PBXBuildFile; fileRef = 916669CD218E85F700FF64CE /* TeamEvent.swift */; };
		917C3FD4218E6C850092EED2 /* TeamDetailViewController.swift in Sources */ = {isa = PBXBuildFile; fileRef = 917C3FD3218E6C850092EED2 /* TeamDetailViewController.swift */; };
/* End PBXBuildFile section */

/* Begin PBXContainerItemProxy section */
		91389157218DFB170018D6ED /* PBXContainerItemProxy */ = {
			isa = PBXContainerItemProxy;
			containerPortal = 9138913A218DFB140018D6ED /* Project object */;
			proxyType = 1;
			remoteGlobalIDString = 91389141218DFB140018D6ED;
			remoteInfo = SportLeagues;
		};
		91389162218DFB170018D6ED /* PBXContainerItemProxy */ = {
			isa = PBXContainerItemProxy;
			containerPortal = 9138913A218DFB140018D6ED /* Project object */;
			proxyType = 1;
			remoteGlobalIDString = 91389141218DFB140018D6ED;
			remoteInfo = SportLeagues;
		};
/* End PBXContainerItemProxy section */

/* Begin PBXFileReference section */
		168EB40831A67F1B220FAEF1 /* Pods-SportLeaguesTests.release.xcconfig */ = {isa = PBXFileReference; includeInIndex = 1; lastKnownFileType = text.xcconfig; name = "Pods-SportLeaguesTests.release.xcconfig"; path = "Pods/Target Support Files/Pods-SportLeaguesTests/Pods-SportLeaguesTests.release.xcconfig"; sourceTree = "<group>"; };
		1FCD468DD54A07EF5054DC4D /* Pods-SportLeagues.debug.xcconfig */ = {isa = PBXFileReference; includeInIndex = 1; lastKnownFileType = text.xcconfig; name = "Pods-SportLeagues.debug.xcconfig"; path = "Pods/Target Support Files/Pods-SportLeagues/Pods-SportLeagues.debug.xcconfig"; sourceTree = "<group>"; };
		690868208043B0424DC54EFF /* Pods-SportLeaguesUITests.release.xcconfig */ = {isa = PBXFileReference; includeInIndex = 1; lastKnownFileType = text.xcconfig; name = "Pods-SportLeaguesUITests.release.xcconfig"; path = "Pods/Target Support Files/Pods-SportLeaguesUITests/Pods-SportLeaguesUITests.release.xcconfig"; sourceTree = "<group>"; };
		91389142218DFB140018D6ED /* SportLeagues.app */ = {isa = PBXFileReference; explicitFileType = wrapper.application; includeInIndex = 0; path = SportLeagues.app; sourceTree = BUILT_PRODUCTS_DIR; };
		91389145218DFB140018D6ED /* AppDelegate.swift */ = {isa = PBXFileReference; lastKnownFileType = sourcecode.swift; path = AppDelegate.swift; sourceTree = "<group>"; };
		91389147218DFB140018D6ED /* TeamsViewController.swift */ = {isa = PBXFileReference; lastKnownFileType = sourcecode.swift; path = TeamsViewController.swift; sourceTree = "<group>"; };
		9138914A218DFB140018D6ED /* Base */ = {isa = PBXFileReference; lastKnownFileType = file.storyboard; name = Base; path = Base.lproj/Main.storyboard; sourceTree = "<group>"; };
		9138914C218DFB170018D6ED /* Assets.xcassets */ = {isa = PBXFileReference; lastKnownFileType = folder.assetcatalog; path = Assets.xcassets; sourceTree = "<group>"; };
		9138914F218DFB170018D6ED /* Base */ = {isa = PBXFileReference; lastKnownFileType = file.storyboard; name = Base; path = Base.lproj/LaunchScreen.storyboard; sourceTree = "<group>"; };
		91389151218DFB170018D6ED /* Info.plist */ = {isa = PBXFileReference; lastKnownFileType = text.plist.xml; path = Info.plist; sourceTree = "<group>"; };
		91389156218DFB170018D6ED /* SportLeaguesTests.xctest */ = {isa = PBXFileReference; explicitFileType = wrapper.cfbundle; includeInIndex = 0; path = SportLeaguesTests.xctest; sourceTree = BUILT_PRODUCTS_DIR; };
		9138915A218DFB170018D6ED /* SportLeaguesTests.swift */ = {isa = PBXFileReference; lastKnownFileType = sourcecode.swift; path = SportLeaguesTests.swift; sourceTree = "<group>"; };
		9138915C218DFB170018D6ED /* Info.plist */ = {isa = PBXFileReference; lastKnownFileType = text.plist.xml; path = Info.plist; sourceTree = "<group>"; };
		91389161218DFB170018D6ED /* SportLeaguesUITests.xctest */ = {isa = PBXFileReference; explicitFileType = wrapper.cfbundle; includeInIndex = 0; path = SportLeaguesUITests.xctest; sourceTree = BUILT_PRODUCTS_DIR; };
		91389165218DFB170018D6ED /* SportLeaguesUITests.swift */ = {isa = PBXFileReference; lastKnownFileType = sourcecode.swift; path = SportLeaguesUITests.swift; sourceTree = "<group>"; };
		91389167218DFB170018D6ED /* Info.plist */ = {isa = PBXFileReference; lastKnownFileType = text.plist.xml; path = Info.plist; sourceTree = "<group>"; };
		91389174218E06140018D6ED /* Constants.swift */ = {isa = PBXFileReference; lastKnownFileType = sourcecode.swift; path = Constants.swift; sourceTree = "<group>"; };
		9138917A218E092B0018D6ED /* en */ = {isa = PBXFileReference; lastKnownFileType = text.plist.strings; name = en; path = en.lproj/Localizable.strings; sourceTree = "<group>"; };
		91389186218E17D10018D6ED /* Teams.storyboard */ = {isa = PBXFileReference; lastKnownFileType = file.storyboard; path = Teams.storyboard; sourceTree = "<group>"; };
		9138918C218E1BFD0018D6ED /* TeamTableViewCell.xib */ = {isa = PBXFileReference; fileEncoding = 4; lastKnownFileType = file.xib; path = TeamTableViewCell.xib; sourceTree = "<group>"; };
		9138918E218E4A7A0018D6ED /* TeamTableViewCell.swift */ = {isa = PBXFileReference; lastKnownFileType = sourcecode.swift; path = TeamTableViewCell.swift; sourceTree = "<group>"; };
		91389191218E4C500018D6ED /* Team.swift */ = {isa = PBXFileReference; lastKnownFileType = sourcecode.swift; path = Team.swift; sourceTree = "<group>"; };
		91389196218E50030018D6ED /* BaseRepository.swift */ = {isa = PBXFileReference; lastKnownFileType = sourcecode.swift; path = BaseRepository.swift; sourceTree = "<group>"; };
		91389198218E50880018D6ED /* Alamofire.framework */ = {isa = PBXFileReference; explicitFileType = wrapper.framework; path = Alamofire.framework; sourceTree = BUILT_PRODUCTS_DIR; };
		9138919A218E50880018D6ED /* AlamofireImage.framework */ = {isa = PBXFileReference; explicitFileType = wrapper.framework; path = AlamofireImage.framework; sourceTree = BUILT_PRODUCTS_DIR; };
		9138919D218E516E0018D6ED /* Encodable.swift */ = {isa = PBXFileReference; lastKnownFileType = sourcecode.swift; path = Encodable.swift; sourceTree = "<group>"; };
		9138919F218E51A70018D6ED /* DataError.swift */ = {isa = PBXFileReference; lastKnownFileType = sourcecode.swift; path = DataError.swift; sourceTree = "<group>"; };
		913891A1218E52370018D6ED /* TeamsPresenter.swift */ = {isa = PBXFileReference; lastKnownFileType = sourcecode.swift; path = TeamsPresenter.swift; sourceTree = "<group>"; };
		913891A3218E52D70018D6ED /* BaseViewController.swift */ = {isa = PBXFileReference; lastKnownFileType = sourcecode.swift; path = BaseViewController.swift; sourceTree = "<group>"; };
		913891A6218E55A30018D6ED /* LoadingView.swift */ = {isa = PBXFileReference; lastKnownFileType = sourcecode.swift; path = LoadingView.swift; sourceTree = "<group>"; };
		913891A8218E56070018D6ED /* LoadingView.xib */ = {isa = PBXFileReference; fileEncoding = 4; lastKnownFileType = file.xib; path = LoadingView.xib; sourceTree = "<group>"; };
		913891AA218E58EC0018D6ED /* UIColorExtension.swift */ = {isa = PBXFileReference; lastKnownFileType = sourcecode.swift; path = UIColorExtension.swift; sourceTree = "<group>"; };
		913891AC218E5F7D0018D6ED /* TeamsRepository.swift */ = {isa = PBXFileReference; lastKnownFileType = sourcecode.swift; path = TeamsRepository.swift; sourceTree = "<group>"; };
		916669C9218E858E00FF64CE /* TeamEventCollectionViewCell.xib */ = {isa = PBXFileReference; fileEncoding = 4; lastKnownFileType = file.xib; path = TeamEventCollectionViewCell.xib; sourceTree = "<group>"; };
		916669CB218E85B500FF64CE /* TeamEventCollectionViewCell.swift */ = {isa = PBXFileReference; lastKnownFileType = sourcecode.swift; path = TeamEventCollectionViewCell.swift; sourceTree = "<group>"; };
		916669CD218E85F700FF64CE /* TeamEvent.swift */ = {isa = PBXFileReference; lastKnownFileType = sourcecode.swift; path = TeamEvent.swift; sourceTree = "<group>"; };
		917C3FD3218E6C850092EED2 /* TeamDetailViewController.swift */ = {isa = PBXFileReference; lastKnownFileType = sourcecode.swift; path = TeamDetailViewController.swift; sourceTree = "<group>"; };
		94DA145855299D43FD6CACC2 /* Pods-SportLeagues.release.xcconfig */ = {isa = PBXFileReference; includeInIndex = 1; lastKnownFileType = text.xcconfig; name = "Pods-SportLeagues.release.xcconfig"; path = "Pods/Target Support Files/Pods-SportLeagues/Pods-SportLeagues.release.xcconfig"; sourceTree = "<group>"; };
		B22B6AC37790507960EB61C7 /* Pods-SportLeaguesTests.debug.xcconfig */ = {isa = PBXFileReference; includeInIndex = 1; lastKnownFileType = text.xcconfig; name = "Pods-SportLeaguesTests.debug.xcconfig"; path = "Pods/Target Support Files/Pods-SportLeaguesTests/Pods-SportLeaguesTests.debug.xcconfig"; sourceTree = "<group>"; };
		F008D91982E8EAADA416142A /* Pods_SportLeagues.framework */ = {isa = PBXFileReference; explicitFileType = wrapper.framework; includeInIndex = 0; path = Pods_SportLeagues.framework; sourceTree = BUILT_PRODUCTS_DIR; };
		F0B35F358412646D8DAE2865 /* Pods_SportLeaguesTests.framework */ = {isa = PBXFileReference; explicitFileType = wrapper.framework; includeInIndex = 0; path = Pods_SportLeaguesTests.framework; sourceTree = BUILT_PRODUCTS_DIR; };
		F10ED352953FA48BE663EFC1 /* Pods_SportLeaguesUITests.framework */ = {isa = PBXFileReference; explicitFileType = wrapper.framework; includeInIndex = 0; path = Pods_SportLeaguesUITests.framework; sourceTree = BUILT_PRODUCTS_DIR; };
		F167015ECC765C0E84233FBA /* Pods-SportLeaguesUITests.debug.xcconfig */ = {isa = PBXFileReference; includeInIndex = 1; lastKnownFileType = text.xcconfig; name = "Pods-SportLeaguesUITests.debug.xcconfig"; path = "Pods/Target Support Files/Pods-SportLeaguesUITests/Pods-SportLeaguesUITests.debug.xcconfig"; sourceTree = "<group>"; };
/* End PBXFileReference section */

/* Begin PBXFrameworksBuildPhase section */
		9138913F218DFB140018D6ED /* Frameworks */ = {
			isa = PBXFrameworksBuildPhase;
			buildActionMask = 2147483647;
			files = (
				91389199218E50880018D6ED /* Alamofire.framework in Frameworks */,
				9138919B218E50880018D6ED /* AlamofireImage.framework in Frameworks */,
				22539A5B9C8C50017693CE08 /* Pods_SportLeagues.framework in Frameworks */,
			);
			runOnlyForDeploymentPostprocessing = 0;
		};
		91389153218DFB170018D6ED /* Frameworks */ = {
			isa = PBXFrameworksBuildPhase;
			buildActionMask = 2147483647;
			files = (
				4D3A052D289CFEF896AEBC56 /* Pods_SportLeaguesTests.framework in Frameworks */,
			);
			runOnlyForDeploymentPostprocessing = 0;
		};
		9138915E218DFB170018D6ED /* Frameworks */ = {
			isa = PBXFrameworksBuildPhase;
			buildActionMask = 2147483647;
			files = (
				581DEA7F114186A1521D8B1C /* Pods_SportLeaguesUITests.framework in Frameworks */,
			);
			runOnlyForDeploymentPostprocessing = 0;
		};
/* End PBXFrameworksBuildPhase section */

/* Begin PBXGroup section */
		2C59AB30850695CE3474C35A /* Frameworks */ = {
			isa = PBXGroup;
			children = (
				91389198218E50880018D6ED /* Alamofire.framework */,
				9138919A218E50880018D6ED /* AlamofireImage.framework */,
				F008D91982E8EAADA416142A /* Pods_SportLeagues.framework */,
				F0B35F358412646D8DAE2865 /* Pods_SportLeaguesTests.framework */,
				F10ED352953FA48BE663EFC1 /* Pods_SportLeaguesUITests.framework */,
			);
			name = Frameworks;
			sourceTree = "<group>";
		};
		91389139218DFB140018D6ED = {
			isa = PBXGroup;
			children = (
				91389144218DFB140018D6ED /* SportLeagues */,
				91389159218DFB170018D6ED /* SportLeaguesTests */,
				91389164218DFB170018D6ED /* SportLeaguesUITests */,
				91389143218DFB140018D6ED /* Products */,
				D89AB33B4E51ACAE16FE11D9 /* Pods */,
				2C59AB30850695CE3474C35A /* Frameworks */,
			);
			sourceTree = "<group>";
		};
		91389143218DFB140018D6ED /* Products */ = {
			isa = PBXGroup;
			children = (
				91389142218DFB140018D6ED /* SportLeagues.app */,
				91389156218DFB170018D6ED /* SportLeaguesTests.xctest */,
				91389161218DFB170018D6ED /* SportLeaguesUITests.xctest */,
			);
			name = Products;
			sourceTree = "<group>";
		};
		91389144218DFB140018D6ED /* SportLeagues */ = {
			isa = PBXGroup;
			children = (
				91389195218E4FF40018D6ED /* Base */,
				91389190218E4C450018D6ED /* Models */,
				9138918A218E17FF0018D6ED /* Splash */,
				9138917D218E14E40018D6ED /* Teams */,
				91389176218E07CF0018D6ED /* Resources */,
				91389145218DFB140018D6ED /* AppDelegate.swift */,
				91389149218DFB140018D6ED /* Main.storyboard */,
				9138914E218DFB170018D6ED /* LaunchScreen.storyboard */,
				91389151218DFB170018D6ED /* Info.plist */,
			);
			path = SportLeagues;
			sourceTree = "<group>";
		};
		91389159218DFB170018D6ED /* SportLeaguesTests */ = {
			isa = PBXGroup;
			children = (
				9138915A218DFB170018D6ED /* SportLeaguesTests.swift */,
				9138915C218DFB170018D6ED /* Info.plist */,
			);
			path = SportLeaguesTests;
			sourceTree = "<group>";
		};
		91389164218DFB170018D6ED /* SportLeaguesUITests */ = {
			isa = PBXGroup;
			children = (
				91389165218DFB170018D6ED /* SportLeaguesUITests.swift */,
				91389167218DFB170018D6ED /* Info.plist */,
			);
			path = SportLeaguesUITests;
			sourceTree = "<group>";
		};
		91389176218E07CF0018D6ED /* Resources */ = {
			isa = PBXGroup;
			children = (
				913891A5218E55940018D6ED /* Views */,
				9138919C218E51620018D6ED /* Extensions */,
				9138917B218E092B0018D6ED /* Localizable.strings */,
				9138914C218DFB170018D6ED /* Assets.xcassets */,
				91389174218E06140018D6ED /* Constants.swift */,
			);
			path = Resources;
			sourceTree = "<group>";
		};
		9138917D218E14E40018D6ED /* Teams */ = {
			isa = PBXGroup;
			children = (
				91389180218E150B0018D6ED /* Views */,
				9138917F218E14F30018D6ED /* Presenter */,
				9138917E218E14EC0018D6ED /* Repository */,
			);
			path = Teams;
			sourceTree = "<group>";
		};
		9138917E218E14EC0018D6ED /* Repository */ = {
			isa = PBXGroup;
			children = (
				913891AC218E5F7D0018D6ED /* TeamsRepository.swift */,
			);
			path = Repository;
			sourceTree = "<group>";
		};
		9138917F218E14F30018D6ED /* Presenter */ = {
			isa = PBXGroup;
			children = (
				913891A1218E52370018D6ED /* TeamsPresenter.swift */,
			);
			path = Presenter;
			sourceTree = "<group>";
		};
		91389180218E150B0018D6ED /* Views */ = {
			isa = PBXGroup;
			children = (
				917C3FD3218E6C850092EED2 /* TeamDetailViewController.swift */,
				91389147218DFB140018D6ED /* TeamsViewController.swift */,
				91389186218E17D10018D6ED /* Teams.storyboard */,
				9138918B218E18B40018D6ED /* Cells */,
			);
			path = Views;
			sourceTree = "<group>";
		};
		9138918A218E17FF0018D6ED /* Splash */ = {
			isa = PBXGroup;
			children = (
			);
			path = Splash;
			sourceTree = "<group>";
		};
		9138918B218E18B40018D6ED /* Cells */ = {
			isa = PBXGroup;
			children = (
				916669C9218E858E00FF64CE /* TeamEventCollectionViewCell.xib */,
				916669CB218E85B500FF64CE /* TeamEventCollectionViewCell.swift */,
				9138918C218E1BFD0018D6ED /* TeamTableViewCell.xib */,
				9138918E218E4A7A0018D6ED /* TeamTableViewCell.swift */,
			);
			path = Cells;
			sourceTree = "<group>";
		};
		91389190218E4C450018D6ED /* Models */ = {
			isa = PBXGroup;
			children = (
				91389191218E4C500018D6ED /* Team.swift */,
				9138919F218E51A70018D6ED /* DataError.swift */,
				916669CD218E85F700FF64CE /* TeamEvent.swift */,
			);
			path = Models;
			sourceTree = "<group>";
		};
		91389195218E4FF40018D6ED /* Base */ = {
			isa = PBXGroup;
			children = (
				91389196218E50030018D6ED /* BaseRepository.swift */,
				913891A3218E52D70018D6ED /* BaseViewController.swift */,
			);
			path = Base;
			sourceTree = "<group>";
		};
		9138919C218E51620018D6ED /* Extensions */ = {
			isa = PBXGroup;
			children = (
				9138919D218E516E0018D6ED /* Encodable.swift */,
				913891AA218E58EC0018D6ED /* UIColorExtension.swift */,
			);
			path = Extensions;
			sourceTree = "<group>";
		};
		913891A5218E55940018D6ED /* Views */ = {
			isa = PBXGroup;
			children = (
				913891A8218E56070018D6ED /* LoadingView.xib */,
				913891A6218E55A30018D6ED /* LoadingView.swift */,
			);
			path = Views;
			sourceTree = "<group>";
		};
		D89AB33B4E51ACAE16FE11D9 /* Pods */ = {
			isa = PBXGroup;
			children = (
				1FCD468DD54A07EF5054DC4D /* Pods-SportLeagues.debug.xcconfig */,
				94DA145855299D43FD6CACC2 /* Pods-SportLeagues.release.xcconfig */,
				B22B6AC37790507960EB61C7 /* Pods-SportLeaguesTests.debug.xcconfig */,
				168EB40831A67F1B220FAEF1 /* Pods-SportLeaguesTests.release.xcconfig */,
				F167015ECC765C0E84233FBA /* Pods-SportLeaguesUITests.debug.xcconfig */,
				690868208043B0424DC54EFF /* Pods-SportLeaguesUITests.release.xcconfig */,
			);
			name = Pods;
			sourceTree = "<group>";
		};
/* End PBXGroup section */

/* Begin PBXNativeTarget section */
		91389141218DFB140018D6ED /* SportLeagues */ = {
			isa = PBXNativeTarget;
			buildConfigurationList = 9138916A218DFB170018D6ED /* Build configuration list for PBXNativeTarget "SportLeagues" */;
			buildPhases = (
				8AFABA25D3EB574F0D86FAA3 /* [CP] Check Pods Manifest.lock */,
				9138913E218DFB140018D6ED /* Sources */,
				9138913F218DFB140018D6ED /* Frameworks */,
				91389140218DFB140018D6ED /* Resources */,
				69E44CB420F1C3F52AE2B788 /* [CP] Embed Pods Frameworks */,
			);
			buildRules = (
			);
			dependencies = (
			);
			name = SportLeagues;
			productName = SportLeagues;
			productReference = 91389142218DFB140018D6ED /* SportLeagues.app */;
			productType = "com.apple.product-type.application";
		};
		91389155218DFB170018D6ED /* SportLeaguesTests */ = {
			isa = PBXNativeTarget;
			buildConfigurationList = 9138916D218DFB170018D6ED /* Build configuration list for PBXNativeTarget "SportLeaguesTests" */;
			buildPhases = (
				2937871908EABB53CF6D9CAF /* [CP] Check Pods Manifest.lock */,
				91389152218DFB170018D6ED /* Sources */,
				91389153218DFB170018D6ED /* Frameworks */,
				91389154218DFB170018D6ED /* Resources */,
			);
			buildRules = (
			);
			dependencies = (
				91389158218DFB170018D6ED /* PBXTargetDependency */,
			);
			name = SportLeaguesTests;
			productName = SportLeaguesTests;
			productReference = 91389156218DFB170018D6ED /* SportLeaguesTests.xctest */;
			productType = "com.apple.product-type.bundle.unit-test";
		};
		91389160218DFB170018D6ED /* SportLeaguesUITests */ = {
			isa = PBXNativeTarget;
			buildConfigurationList = 91389170218DFB170018D6ED /* Build configuration list for PBXNativeTarget "SportLeaguesUITests" */;
			buildPhases = (
				9C69BBA25A89128039DF2901 /* [CP] Check Pods Manifest.lock */,
				9138915D218DFB170018D6ED /* Sources */,
				9138915E218DFB170018D6ED /* Frameworks */,
				9138915F218DFB170018D6ED /* Resources */,
			);
			buildRules = (
			);
			dependencies = (
				91389163218DFB170018D6ED /* PBXTargetDependency */,
			);
			name = SportLeaguesUITests;
			productName = SportLeaguesUITests;
			productReference = 91389161218DFB170018D6ED /* SportLeaguesUITests.xctest */;
			productType = "com.apple.product-type.bundle.ui-testing";
		};
/* End PBXNativeTarget section */

/* Begin PBXProject section */
		9138913A218DFB140018D6ED /* Project object */ = {
			isa = PBXProject;
			attributes = {
				LastSwiftUpdateCheck = 0940;
				LastUpgradeCheck = 0940;
				ORGANIZATIONNAME = "Edison Mejia Estrada";
				TargetAttributes = {
					91389141218DFB140018D6ED = {
						CreatedOnToolsVersion = 9.4.1;
					};
					91389155218DFB170018D6ED = {
						CreatedOnToolsVersion = 9.4.1;
						TestTargetID = 91389141218DFB140018D6ED;
					};
					91389160218DFB170018D6ED = {
						CreatedOnToolsVersion = 9.4.1;
						TestTargetID = 91389141218DFB140018D6ED;
					};
				};
			};
			buildConfigurationList = 9138913D218DFB140018D6ED /* Build configuration list for PBXProject "SportLeagues" */;
			compatibilityVersion = "Xcode 9.3";
			developmentRegion = en;
			hasScannedForEncodings = 0;
			knownRegions = (
				en,
				Base,
			);
			mainGroup = 91389139218DFB140018D6ED;
			productRefGroup = 91389143218DFB140018D6ED /* Products */;
			projectDirPath = "";
			projectRoot = "";
			targets = (
				91389141218DFB140018D6ED /* SportLeagues */,
				91389155218DFB170018D6ED /* SportLeaguesTests */,
				91389160218DFB170018D6ED /* SportLeaguesUITests */,
			);
		};
/* End PBXProject section */

/* Begin PBXResourcesBuildPhase section */
		91389140218DFB140018D6ED /* Resources */ = {
			isa = PBXResourcesBuildPhase;
			buildActionMask = 2147483647;
			files = (
				916669CA218E858E00FF64CE /* TeamEventCollectionViewCell.xib in Resources */,
				91389150218DFB170018D6ED /* LaunchScreen.storyboard in Resources */,
				91389179218E092B0018D6ED /* Localizable.strings in Resources */,
				9138914D218DFB170018D6ED /* Assets.xcassets in Resources */,
				9138914B218DFB140018D6ED /* Main.storyboard in Resources */,
				913891A9218E56070018D6ED /* LoadingView.xib in Resources */,
				9138918D218E1BFE0018D6ED /* TeamTableViewCell.xib in Resources */,
				91389187218E17D10018D6ED /* Teams.storyboard in Resources */,
			);
			runOnlyForDeploymentPostprocessing = 0;
		};
		91389154218DFB170018D6ED /* Resources */ = {
			isa = PBXResourcesBuildPhase;
			buildActionMask = 2147483647;
			files = (
			);
			runOnlyForDeploymentPostprocessing = 0;
		};
		9138915F218DFB170018D6ED /* Resources */ = {
			isa = PBXResourcesBuildPhase;
			buildActionMask = 2147483647;
			files = (
			);
			runOnlyForDeploymentPostprocessing = 0;
		};
/* End PBXResourcesBuildPhase section */

/* Begin PBXShellScriptBuildPhase section */
		2937871908EABB53CF6D9CAF /* [CP] Check Pods Manifest.lock */ = {
			isa = PBXShellScriptBuildPhase;
			buildActionMask = 2147483647;
			files = (
			);
			inputPaths = (
				"${PODS_PODFILE_DIR_PATH}/Podfile.lock",
				"${PODS_ROOT}/Manifest.lock",
			);
			name = "[CP] Check Pods Manifest.lock";
			outputPaths = (
				"$(DERIVED_FILE_DIR)/Pods-SportLeaguesTests-checkManifestLockResult.txt",
			);
			runOnlyForDeploymentPostprocessing = 0;
			shellPath = /bin/sh;
			shellScript = "diff \"${PODS_PODFILE_DIR_PATH}/Podfile.lock\" \"${PODS_ROOT}/Manifest.lock\" > /dev/null\nif [ $? != 0 ] ; then\n    # print error to STDERR\n    echo \"error: The sandbox is not in sync with the Podfile.lock. Run 'pod install' or update your CocoaPods installation.\" >&2\n    exit 1\nfi\n# This output is used by Xcode 'outputs' to avoid re-running this script phase.\necho \"SUCCESS\" > \"${SCRIPT_OUTPUT_FILE_0}\"\n";
			showEnvVarsInLog = 0;
		};
		69E44CB420F1C3F52AE2B788 /* [CP] Embed Pods Frameworks */ = {
			isa = PBXShellScriptBuildPhase;
			buildActionMask = 2147483647;
			files = (
			);
			inputPaths = (
				"${SRCROOT}/Pods/Target Support Files/Pods-SportLeagues/Pods-SportLeagues-frameworks.sh",
				"${BUILT_PRODUCTS_DIR}/Alamofire/Alamofire.framework",
				"${BUILT_PRODUCTS_DIR}/AlamofireImage/AlamofireImage.framework",
			);
			name = "[CP] Embed Pods Frameworks";
			outputPaths = (
				"${TARGET_BUILD_DIR}/${FRAMEWORKS_FOLDER_PATH}/Alamofire.framework",
				"${TARGET_BUILD_DIR}/${FRAMEWORKS_FOLDER_PATH}/AlamofireImage.framework",
			);
			runOnlyForDeploymentPostprocessing = 0;
			shellPath = /bin/sh;
			shellScript = "\"${SRCROOT}/Pods/Target Support Files/Pods-SportLeagues/Pods-SportLeagues-frameworks.sh\"\n";
			showEnvVarsInLog = 0;
		};
		8AFABA25D3EB574F0D86FAA3 /* [CP] Check Pods Manifest.lock */ = {
			isa = PBXShellScriptBuildPhase;
			buildActionMask = 2147483647;
			files = (
			);
			inputPaths = (
				"${PODS_PODFILE_DIR_PATH}/Podfile.lock",
				"${PODS_ROOT}/Manifest.lock",
			);
			name = "[CP] Check Pods Manifest.lock";
			outputPaths = (
				"$(DERIVED_FILE_DIR)/Pods-SportLeagues-checkManifestLockResult.txt",
			);
			runOnlyForDeploymentPostprocessing = 0;
			shellPath = /bin/sh;
			shellScript = "diff \"${PODS_PODFILE_DIR_PATH}/Podfile.lock\" \"${PODS_ROOT}/Manifest.lock\" > /dev/null\nif [ $? != 0 ] ; then\n    # print error to STDERR\n    echo \"error: The sandbox is not in sync with the Podfile.lock. Run 'pod install' or update your CocoaPods installation.\" >&2\n    exit 1\nfi\n# This output is used by Xcode 'outputs' to avoid re-running this script phase.\necho \"SUCCESS\" > \"${SCRIPT_OUTPUT_FILE_0}\"\n";
			showEnvVarsInLog = 0;
		};
		9C69BBA25A89128039DF2901 /* [CP] Check Pods Manifest.lock */ = {
			isa = PBXShellScriptBuildPhase;
			buildActionMask = 2147483647;
			files = (
			);
			inputPaths = (
				"${PODS_PODFILE_DIR_PATH}/Podfile.lock",
				"${PODS_ROOT}/Manifest.lock",
			);
			name = "[CP] Check Pods Manifest.lock";
			outputPaths = (
				"$(DERIVED_FILE_DIR)/Pods-SportLeaguesUITests-checkManifestLockResult.txt",
			);
			runOnlyForDeploymentPostprocessing = 0;
			shellPath = /bin/sh;
			shellScript = "diff \"${PODS_PODFILE_DIR_PATH}/Podfile.lock\" \"${PODS_ROOT}/Manifest.lock\" > /dev/null\nif [ $? != 0 ] ; then\n    # print error to STDERR\n    echo \"error: The sandbox is not in sync with the Podfile.lock. Run 'pod install' or update your CocoaPods installation.\" >&2\n    exit 1\nfi\n# This output is used by Xcode 'outputs' to avoid re-running this script phase.\necho \"SUCCESS\" > \"${SCRIPT_OUTPUT_FILE_0}\"\n";
			showEnvVarsInLog = 0;
		};
/* End PBXShellScriptBuildPhase section */

/* Begin PBXSourcesBuildPhase section */
		9138913E218DFB140018D6ED /* Sources */ = {
			isa = PBXSourcesBuildPhase;
			buildActionMask = 2147483647;
			files = (
				9138918F218E4A7A0018D6ED /* TeamTableViewCell.swift in Sources */,
				916669CE218E85F700FF64CE /* TeamEvent.swift in Sources */,
				91389197218E50030018D6ED /* BaseRepository.swift in Sources */,
				913891AD218E5F7D0018D6ED /* TeamsRepository.swift in Sources */,
				913891A4218E52D70018D6ED /* BaseViewController.swift in Sources */,
				916669CC218E85B500FF64CE /* TeamEventCollectionViewCell.swift in Sources */,
				91389148218DFB140018D6ED /* TeamsViewController.swift in Sources */,
				91389146218DFB140018D6ED /* AppDelegate.swift in Sources */,
				913891A7218E55A30018D6ED /* LoadingView.swift in Sources */,
				913891AB218E58EC0018D6ED /* UIColorExtension.swift in Sources */,
				91389192218E4C500018D6ED /* Team.swift in Sources */,
				917C3FD4218E6C850092EED2 /* TeamDetailViewController.swift in Sources */,
				913891A0218E51A70018D6ED /* DataError.swift in Sources */,
				91389175218E06140018D6ED /* Constants.swift in Sources */,
				9138919E218E516E0018D6ED /* Encodable.swift in Sources */,
				913891A2218E52370018D6ED /* TeamsPresenter.swift in Sources */,
			);
			runOnlyForDeploymentPostprocessing = 0;
		};
		91389152218DFB170018D6ED /* Sources */ = {
			isa = PBXSourcesBuildPhase;
			buildActionMask = 2147483647;
			files = (
				9138915B218DFB170018D6ED /* SportLeaguesTests.swift in Sources */,
			);
			runOnlyForDeploymentPostprocessing = 0;
		};
		9138915D218DFB170018D6ED /* Sources */ = {
			isa = PBXSourcesBuildPhase;
			buildActionMask = 2147483647;
			files = (
				91389166218DFB170018D6ED /* SportLeaguesUITests.swift in Sources */,
			);
			runOnlyForDeploymentPostprocessing = 0;
		};
/* End PBXSourcesBuildPhase section */

/* Begin PBXTargetDependency section */
		91389158218DFB170018D6ED /* PBXTargetDependency */ = {
			isa = PBXTargetDependency;
			target = 91389141218DFB140018D6ED /* SportLeagues */;
			targetProxy = 91389157218DFB170018D6ED /* PBXContainerItemProxy */;
		};
		91389163218DFB170018D6ED /* PBXTargetDependency */ = {
			isa = PBXTargetDependency;
			target = 91389141218DFB140018D6ED /* SportLeagues */;
			targetProxy = 91389162218DFB170018D6ED /* PBXContainerItemProxy */;
		};
/* End PBXTargetDependency section */

/* Begin PBXVariantGroup section */
		91389149218DFB140018D6ED /* Main.storyboard */ = {
			isa = PBXVariantGroup;
			children = (
				9138914A218DFB140018D6ED /* Base */,
			);
			name = Main.storyboard;
			sourceTree = "<group>";
		};
		9138914E218DFB170018D6ED /* LaunchScreen.storyboard */ = {
			isa = PBXVariantGroup;
			children = (
				9138914F218DFB170018D6ED /* Base */,
			);
			name = LaunchScreen.storyboard;
			sourceTree = "<group>";
		};
		9138917B218E092B0018D6ED /* Localizable.strings */ = {
			isa = PBXVariantGroup;
			children = (
				9138917A218E092B0018D6ED /* en */,
			);
			name = Localizable.strings;
			sourceTree = "<group>";
		};
/* End PBXVariantGroup section */

/* Begin XCBuildConfiguration section */
		91389168218DFB170018D6ED /* Debug */ = {
			isa = XCBuildConfiguration;
			buildSettings = {
				ALWAYS_SEARCH_USER_PATHS = NO;
				CLANG_ANALYZER_NONNULL = YES;
				CLANG_ANALYZER_NUMBER_OBJECT_CONVERSION = YES_AGGRESSIVE;
				CLANG_CXX_LANGUAGE_STANDARD = "gnu++14";
				CLANG_CXX_LIBRARY = "libc++";
				CLANG_ENABLE_MODULES = YES;
				CLANG_ENABLE_OBJC_ARC = YES;
				CLANG_ENABLE_OBJC_WEAK = YES;
				CLANG_WARN_BLOCK_CAPTURE_AUTORELEASING = YES;
				CLANG_WARN_BOOL_CONVERSION = YES;
				CLANG_WARN_COMMA = YES;
				CLANG_WARN_CONSTANT_CONVERSION = YES;
				CLANG_WARN_DEPRECATED_OBJC_IMPLEMENTATIONS = YES;
				CLANG_WARN_DIRECT_OBJC_ISA_USAGE = YES_ERROR;
				CLANG_WARN_DOCUMENTATION_COMMENTS = YES;
				CLANG_WARN_EMPTY_BODY = YES;
				CLANG_WARN_ENUM_CONVERSION = YES;
				CLANG_WARN_INFINITE_RECURSION = YES;
				CLANG_WARN_INT_CONVERSION = YES;
				CLANG_WARN_NON_LITERAL_NULL_CONVERSION = YES;
				CLANG_WARN_OBJC_IMPLICIT_RETAIN_SELF = YES;
				CLANG_WARN_OBJC_LITERAL_CONVERSION = YES;
				CLANG_WARN_OBJC_ROOT_CLASS = YES_ERROR;
				CLANG_WARN_RANGE_LOOP_ANALYSIS = YES;
				CLANG_WARN_STRICT_PROTOTYPES = YES;
				CLANG_WARN_SUSPICIOUS_MOVE = YES;
				CLANG_WARN_UNGUARDED_AVAILABILITY = YES_AGGRESSIVE;
				CLANG_WARN_UNREACHABLE_CODE = YES;
				CLANG_WARN__DUPLICATE_METHOD_MATCH = YES;
				CODE_SIGN_IDENTITY = "iPhone Developer";
				COPY_PHASE_STRIP = NO;
				DEBUG_INFORMATION_FORMAT = dwarf;
				ENABLE_STRICT_OBJC_MSGSEND = YES;
				ENABLE_TESTABILITY = YES;
				GCC_C_LANGUAGE_STANDARD = gnu11;
				GCC_DYNAMIC_NO_PIC = NO;
				GCC_NO_COMMON_BLOCKS = YES;
				GCC_OPTIMIZATION_LEVEL = 0;
				GCC_PREPROCESSOR_DEFINITIONS = (
					"DEBUG=1",
					"$(inherited)",
				);
				GCC_WARN_64_TO_32_BIT_CONVERSION = YES;
				GCC_WARN_ABOUT_RETURN_TYPE = YES_ERROR;
				GCC_WARN_UNDECLARED_SELECTOR = YES;
				GCC_WARN_UNINITIALIZED_AUTOS = YES_AGGRESSIVE;
				GCC_WARN_UNUSED_FUNCTION = YES;
				GCC_WARN_UNUSED_VARIABLE = YES;
				IPHONEOS_DEPLOYMENT_TARGET = 11.4;
				MTL_ENABLE_DEBUG_INFO = YES;
				ONLY_ACTIVE_ARCH = YES;
				SDKROOT = iphoneos;
				SWIFT_ACTIVE_COMPILATION_CONDITIONS = DEBUG;
				SWIFT_OPTIMIZATION_LEVEL = "-Onone";
			};
			name = Debug;
		};
		91389169218DFB170018D6ED /* Release */ = {
			isa = XCBuildConfiguration;
			buildSettings = {
				ALWAYS_SEARCH_USER_PATHS = NO;
				CLANG_ANALYZER_NONNULL = YES;
				CLANG_ANALYZER_NUMBER_OBJECT_CONVERSION = YES_AGGRESSIVE;
				CLANG_CXX_LANGUAGE_STANDARD = "gnu++14";
				CLANG_CXX_LIBRARY = "libc++";
				CLANG_ENABLE_MODULES = YES;
				CLANG_ENABLE_OBJC_ARC = YES;
				CLANG_ENABLE_OBJC_WEAK = YES;
				CLANG_WARN_BLOCK_CAPTURE_AUTORELEASING = YES;
				CLANG_WARN_BOOL_CONVERSION = YES;
				CLANG_WARN_COMMA = YES;
				CLANG_WARN_CONSTANT_CONVERSION = YES;
				CLANG_WARN_DEPRECATED_OBJC_IMPLEMENTATIONS = YES;
				CLANG_WARN_DIRECT_OBJC_ISA_USAGE = YES_ERROR;
				CLANG_WARN_DOCUMENTATION_COMMENTS = YES;
				CLANG_WARN_EMPTY_BODY = YES;
				CLANG_WARN_ENUM_CONVERSION = YES;
				CLANG_WARN_INFINITE_RECURSION = YES;
				CLANG_WARN_INT_CONVERSION = YES;
				CLANG_WARN_NON_LITERAL_NULL_CONVERSION = YES;
				CLANG_WARN_OBJC_IMPLICIT_RETAIN_SELF = YES;
				CLANG_WARN_OBJC_LITERAL_CONVERSION = YES;
				CLANG_WARN_OBJC_ROOT_CLASS = YES_ERROR;
				CLANG_WARN_RANGE_LOOP_ANALYSIS = YES;
				CLANG_WARN_STRICT_PROTOTYPES = YES;
				CLANG_WARN_SUSPICIOUS_MOVE = YES;
				CLANG_WARN_UNGUARDED_AVAILABILITY = YES_AGGRESSIVE;
				CLANG_WARN_UNREACHABLE_CODE = YES;
				CLANG_WARN__DUPLICATE_METHOD_MATCH = YES;
				CODE_SIGN_IDENTITY = "iPhone Developer";
				COPY_PHASE_STRIP = NO;
				DEBUG_INFORMATION_FORMAT = "dwarf-with-dsym";
				ENABLE_NS_ASSERTIONS = NO;
				ENABLE_STRICT_OBJC_MSGSEND = YES;
				GCC_C_LANGUAGE_STANDARD = gnu11;
				GCC_NO_COMMON_BLOCKS = YES;
				GCC_WARN_64_TO_32_BIT_CONVERSION = YES;
				GCC_WARN_ABOUT_RETURN_TYPE = YES_ERROR;
				GCC_WARN_UNDECLARED_SELECTOR = YES;
				GCC_WARN_UNINITIALIZED_AUTOS = YES_AGGRESSIVE;
				GCC_WARN_UNUSED_FUNCTION = YES;
				GCC_WARN_UNUSED_VARIABLE = YES;
				IPHONEOS_DEPLOYMENT_TARGET = 11.4;
				MTL_ENABLE_DEBUG_INFO = NO;
				SDKROOT = iphoneos;
				SWIFT_COMPILATION_MODE = wholemodule;
				SWIFT_OPTIMIZATION_LEVEL = "-O";
				VALIDATE_PRODUCT = YES;
			};
			name = Release;
		};
		9138916B218DFB170018D6ED /* Debug */ = {
			isa = XCBuildConfiguration;
			baseConfigurationReference = 1FCD468DD54A07EF5054DC4D /* Pods-SportLeagues.debug.xcconfig */;
			buildSettings = {
				ASSETCATALOG_COMPILER_APPICON_NAME = AppIcon;
				CODE_SIGN_STYLE = Automatic;
				DEVELOPMENT_TEAM = 87KE32T5A2;
				INFOPLIST_FILE = SportLeagues/Info.plist;
				LD_RUNPATH_SEARCH_PATHS = (
					"$(inherited)",
					"@executable_path/Frameworks",
				);
				PRODUCT_BUNDLE_IDENTIFIER = com.edison.SportLeagues;
				PRODUCT_NAME = "$(TARGET_NAME)";
				SWIFT_VERSION = 4.0;
				TARGETED_DEVICE_FAMILY = "1,2";
			};
			name = Debug;
		};
		9138916C218DFB170018D6ED /* Release */ = {
			isa = XCBuildConfiguration;
			baseConfigurationReference = 94DA145855299D43FD6CACC2 /* Pods-SportLeagues.release.xcconfig */;
			buildSettings = {
				ASSETCATALOG_COMPILER_APPICON_NAME = AppIcon;
				CODE_SIGN_STYLE = Automatic;
				DEVELOPMENT_TEAM = 87KE32T5A2;
				INFOPLIST_FILE = SportLeagues/Info.plist;
				LD_RUNPATH_SEARCH_PATHS = (
					"$(inherited)",
					"@executable_path/Frameworks",
				);
				PRODUCT_BUNDLE_IDENTIFIER = com.edison.SportLeagues;
				PRODUCT_NAME = "$(TARGET_NAME)";
				SWIFT_VERSION = 4.0;
				TARGETED_DEVICE_FAMILY = "1,2";
			};
			name = Release;
		};
		9138916E218DFB170018D6ED /* Debug */ = {
			isa = XCBuildConfiguration;
			baseConfigurationReference = B22B6AC37790507960EB61C7 /* Pods-SportLeaguesTests.debug.xcconfig */;
			buildSettings = {
				ALWAYS_EMBED_SWIFT_STANDARD_LIBRARIES = YES;
				BUNDLE_LOADER = "$(TEST_HOST)";
				CODE_SIGN_STYLE = Automatic;
				INFOPLIST_FILE = SportLeaguesTests/Info.plist;
				LD_RUNPATH_SEARCH_PATHS = (
					"$(inherited)",
					"@executable_path/Frameworks",
					"@loader_path/Frameworks",
				);
				PRODUCT_BUNDLE_IDENTIFIER = com.edison.SportLeaguesTests;
				PRODUCT_NAME = "$(TARGET_NAME)";
				SWIFT_VERSION = 4.0;
				TARGETED_DEVICE_FAMILY = "1,2";
				TEST_HOST = "$(BUILT_PRODUCTS_DIR)/SportLeagues.app/SportLeagues";
			};
			name = Debug;
		};
		9138916F218DFB170018D6ED /* Release */ = {
			isa = XCBuildConfiguration;
			baseConfigurationReference = 168EB40831A67F1B220FAEF1 /* Pods-SportLeaguesTests.release.xcconfig */;
			buildSettings = {
				ALWAYS_EMBED_SWIFT_STANDARD_LIBRARIES = YES;
				BUNDLE_LOADER = "$(TEST_HOST)";
				CODE_SIGN_STYLE = Automatic;
				INFOPLIST_FILE = SportLeaguesTests/Info.plist;
				LD_RUNPATH_SEARCH_PATHS = (
					"$(inherited)",
					"@executable_path/Frameworks",
					"@loader_path/Frameworks",
				);
				PRODUCT_BUNDLE_IDENTIFIER = com.edison.SportLeaguesTests;
				PRODUCT_NAME = "$(TARGET_NAME)";
				SWIFT_VERSION = 4.0;
				TARGETED_DEVICE_FAMILY = "1,2";
				TEST_HOST = "$(BUILT_PRODUCTS_DIR)/SportLeagues.app/SportLeagues";
			};
			name = Release;
		};
		91389171218DFB170018D6ED /* Debug */ = {
			isa = XCBuildConfiguration;
			baseConfigurationReference = F167015ECC765C0E84233FBA /* Pods-SportLeaguesUITests.debug.xcconfig */;
			buildSettings = {
				ALWAYS_EMBED_SWIFT_STANDARD_LIBRARIES = YES;
				CODE_SIGN_STYLE = Automatic;
				INFOPLIST_FILE = SportLeaguesUITests/Info.plist;
				LD_RUNPATH_SEARCH_PATHS = (
					"$(inherited)",
					"@executable_path/Frameworks",
					"@loader_path/Frameworks",
				);
				PRODUCT_BUNDLE_IDENTIFIER = com.edison.SportLeaguesUITests;
				PRODUCT_NAME = "$(TARGET_NAME)";
				SWIFT_VERSION = 4.0;
				TARGETED_DEVICE_FAMILY = "1,2";
				TEST_TARGET_NAME = SportLeagues;
			};
			name = Debug;
		};
		91389172218DFB170018D6ED /* Release */ = {
			isa = XCBuildConfiguration;
			baseConfigurationReference = 690868208043B0424DC54EFF /* Pods-SportLeaguesUITests.release.xcconfig */;
			buildSettings = {
				ALWAYS_EMBED_SWIFT_STANDARD_LIBRARIES = YES;
				CODE_SIGN_STYLE = Automatic;
				INFOPLIST_FILE = SportLeaguesUITests/Info.plist;
				LD_RUNPATH_SEARCH_PATHS = (
					"$(inherited)",
					"@executable_path/Frameworks",
					"@loader_path/Frameworks",
				);
				PRODUCT_BUNDLE_IDENTIFIER = com.edison.SportLeaguesUITests;
				PRODUCT_NAME = "$(TARGET_NAME)";
				SWIFT_VERSION = 4.0;
				TARGETED_DEVICE_FAMILY = "1,2";
				TEST_TARGET_NAME = SportLeagues;
			};
			name = Release;
		};
/* End XCBuildConfiguration section */

/* Begin XCConfigurationList section */
		9138913D218DFB140018D6ED /* Build configuration list for PBXProject "SportLeagues" */ = {
			isa = XCConfigurationList;
			buildConfigurations = (
				91389168218DFB170018D6ED /* Debug */,
				91389169218DFB170018D6ED /* Release */,
			);
			defaultConfigurationIsVisible = 0;
			defaultConfigurationName = Release;
		};
		9138916A218DFB170018D6ED /* Build configuration list for PBXNativeTarget "SportLeagues" */ = {
			isa = XCConfigurationList;
			buildConfigurations = (
				9138916B218DFB170018D6ED /* Debug */,
				9138916C218DFB170018D6ED /* Release */,
			);
			defaultConfigurationIsVisible = 0;
			defaultConfigurationName = Release;
		};
		9138916D218DFB170018D6ED /* Build configuration list for PBXNativeTarget "SportLeaguesTests" */ = {
			isa = XCConfigurationList;
			buildConfigurations = (
				9138916E218DFB170018D6ED /* Debug */,
				9138916F218DFB170018D6ED /* Release */,
			);
			defaultConfigurationIsVisible = 0;
			defaultConfigurationName = Release;
		};
		91389170218DFB170018D6ED /* Build configuration list for PBXNativeTarget "SportLeaguesUITests" */ = {
			isa = XCConfigurationList;
			buildConfigurations = (
				91389171218DFB170018D6ED /* Debug */,
				91389172218DFB170018D6ED /* Release */,
			);
			defaultConfigurationIsVisible = 0;
			defaultConfigurationName = Release;
		};
/* End XCConfigurationList section */
	};
	rootObject = 9138913A218DFB140018D6ED /* Project object */;
}
